{
  "name": "CADETS_UI_JS",
  "version": "1.0.0",
  "lockfileVersion": 1,
  "requires": true,
  "dependencies": {
    "babel-runtime": {
      "version": "6.26.0",
      "resolved": "https://registry.npmjs.org/babel-runtime/-/babel-runtime-6.26.0.tgz",
      "integrity": "sha1-llxwWGaOgrVde/4E/yM3vItWR/4=",
      "requires": {
        "core-js": "2.5.3",
        "regenerator-runtime": "0.11.1"
      }
    },
    "classlist-polyfill": {
      "version": "1.0.3",
      "resolved": "https://registry.npmjs.org/classlist-polyfill/-/classlist-polyfill-1.0.3.tgz",
      "integrity": "sha1-fNWpIHyNaTL1kv3qprRTUu1xaQ0="
    },
    "core-js": {
      "version": "2.5.3",
      "resolved": "https://registry.npmjs.org/core-js/-/core-js-2.5.3.tgz",
      "integrity": "sha1-isw4NFgk8W2DZbfJtCWRaOjtYD4="
    },
    "cytoscape": {
      "version": "3.2.7",
      "resolved": "https://registry.npmjs.org/cytoscape/-/cytoscape-3.2.7.tgz",
      "integrity": "sha512-YQt9UXxjLlSzsMiR/QK8VbH9ORed7D+0luQ8rjIzJpnfY4YgY/jiSo4lF15DgrBUdBC4mOtptYrmy5KG+gjUVA==",
      "requires": {
        "heap": "0.2.6",
        "lodash.debounce": "4.0.8"
      }
    },
    "cytoscape-context-menus": {
      "version": "3.0.5",
      "resolved": "https://registry.npmjs.org/cytoscape-context-menus/-/cytoscape-context-menus-3.0.5.tgz",
      "integrity": "sha1-IQ+/8UrIPzGmKy7Sq2fTt4C5Q90="
    },
    "cytoscape-cxtmenu": {
      "version": "3.0.0",
      "resolved": "https://registry.npmjs.org/cytoscape-cxtmenu/-/cytoscape-cxtmenu-3.0.0.tgz",
      "integrity": "sha512-l8YKLuziWya6MxV1j3tgPkrNwPILfzCZUTLtblg0ibhBxy2RU/nlsx0jhuVFtDR9YDYfkWNRM1MJNplaFVCjPQ=="
    },
    "domify": {
      "version": "1.4.0",
      "resolved": "https://registry.npmjs.org/domify/-/domify-1.4.0.tgz",
      "integrity": "sha1-EUg2F/dk+GlZdbS9x5sU8IA7Yps="
    },
    "es6-object-assign": {
      "version": "1.0.2",
      "resolved": "https://registry.npmjs.org/es6-object-assign/-/es6-object-assign-1.0.2.tgz",
      "integrity": "sha1-/2duxUVGtYccmhZMnGWOsRkM5LU="
    },
    "form-serialize": {
      "version": "0.7.1",
      "resolved": "https://registry.npmjs.org/form-serialize/-/form-serialize-0.7.1.tgz",
      "integrity": "sha1-SPdON9BB3k99FA3SxUs3//jS6EM="
    },
    "heap": {
      "version": "0.2.6",
      "resolved": "https://registry.npmjs.org/heap/-/heap-0.2.6.tgz",
      "integrity": "sha1-CH4fELBGky/IWU3Z5tN4r8nR5aw="
    },
    "jquery": {
      "version": "3.2.1",
      "resolved": "https://registry.npmjs.org/jquery/-/jquery-3.2.1.tgz",
      "integrity": "sha1-XE2d5lKvbNCncBVKYxu6ErAVx4c="
    },
    "lodash.debounce": {
      "version": "4.0.8",
      "resolved": "https://registry.npmjs.org/lodash.debounce/-/lodash.debounce-4.0.8.tgz",
      "integrity": "sha1-gteb/zCmfEAF/9XiUVMArZyk168="
    },
    "neo4j-driver": {
      "version": "1.5.2",
      "resolved": "https://registry.npmjs.org/neo4j-driver/-/neo4j-driver-1.5.2.tgz",
      "integrity": "sha512-hGtkPZ6M5ILcnJUNyEdNEz2n8stxbA+hfKbxe6ic+YntlH35MFVEQ1jWN2lobV5NUwNErAMkf5tglaAXZjZ3tA==",
      "requires": {
        "babel-runtime": "6.26.0"
      }
    },
    "regenerator-runtime": {
      "version": "0.11.1",
      "resolved": "https://registry.npmjs.org/regenerator-runtime/-/regenerator-runtime-0.11.1.tgz",
      "integrity": "sha512-MguG95oij0fC3QV3URf4V2SDYGJhJnJGqvIIgdECeODCT98wSWDAJ94SSuVpYQUoTcGUIL6L4yNB7j1DFFHSBg=="
    },
    "vex-dialog": {
      "version": "1.0.7",
      "resolved": "https://registry.npmjs.org/vex-dialog/-/vex-dialog-1.0.7.tgz",
      "integrity": "sha1-tI56naFKYe7jGXDPktbNL2bTPB8=",
      "requires": {
        "domify": "1.4.0",
        "form-serialize": "0.7.1"
      }
    },
    "vex-js": {
      "version": "4.0.1",
      "resolved": "https://registry.npmjs.org/vex-js/-/vex-js-4.0.1.tgz",
      "integrity": "sha1-k5xZZLmeOj/YnLn47sZixMVr9pE=",
      "requires": {
        "classlist-polyfill": "1.0.3",
        "domify": "1.4.0",
        "es6-object-assign": "1.0.2",
        "vex-dialog": "1.0.7"
      }
    }
  }
}
